// !$*UTF8*$!
{
	archiveVersion = 1;
	classes = {
	};
	objectVersion = 55;
	objects = {

/* Begin PBXBuildFile section */
		233A63332A14E97E00B4A303 /* YapildiButonu.swift in Sources */ = {isa = PBXBuildFile; fileRef = 233A63322A14E97E00B4A303 /* YapildiButonu.swift */; };
		23458BAA2A0A528600680DBA /* UIFirstProjectApp.swift in Sources */ = {isa = PBXBuildFile; fileRef = 23458BA92A0A528600680DBA /* UIFirstProjectApp.swift */; };
		23458BAC2A0A528600680DBA /* ContentView.swift in Sources */ = {isa = PBXBuildFile; fileRef = 23458BAB2A0A528600680DBA /* ContentView.swift */; };
		23458BAE2A0A528800680DBA /* Assets.xcassets in Resources */ = {isa = PBXBuildFile; fileRef = 23458BAD2A0A528800680DBA /* Assets.xcassets */; };
		23458BB12A0A528800680DBA /* Preview Assets.xcassets in Resources */ = {isa = PBXBuildFile; fileRef = 23458BB02A0A528800680DBA /* Preview Assets.xcassets */; };
		23458BB82A0A5FD200680DBA /* OzelGorselViev.swift in Sources */ = {isa = PBXBuildFile; fileRef = 23458BB72A0A5FD200680DBA /* OzelGorselViev.swift */; };
		23458BBA2A0A640700680DBA /* OzelTextViev.swift in Sources */ = {isa = PBXBuildFile; fileRef = 23458BB92A0A640700680DBA /* OzelTextViev.swift */; };
		23458BBC2A0A689D00680DBA /* UIButtonGorunum.swift in Sources */ = {isa = PBXBuildFile; fileRef = 23458BBB2A0A689D00680DBA /* UIButtonGorunum.swift */; };
		23458BBE2A0A68EB00680DBA /* UIButtonikinciGorunum.swift in Sources */ = {isa = PBXBuildFile; fileRef = 23458BBD2A0A68EB00680DBA /* UIButtonikinciGorunum.swift */; };
		236AFEFA2A0BACF0009009B4 /* BolumluViev.swift in Sources */ = {isa = PBXBuildFile; fileRef = 236AFEF92A0BACF0009009B4 /* BolumluViev.swift */; };
		23BBF34F2A0B945600A0174A /* ListGorunumViev.swift in Sources */ = {isa = PBXBuildFile; fileRef = 23BBF34E2A0B945600A0174A /* ListGorunumViev.swift */; };
		23BBF3512A0BA65200A0174A /* Kullanici.swift in Sources */ = {isa = PBXBuildFile; fileRef = 23BBF3502A0BA65200A0174A /* Kullanici.swift */; };
		23BE73522A0E704800CC4BB1 /* ProfileDetailView.swift in Sources */ = {isa = PBXBuildFile; fileRef = 23BE73512A0E704800CC4BB1 /* ProfileDetailView.swift */; };
		23BE73542A13A7DB00CC4BB1 /* YapilacakModeli.swift in Sources */ = {isa = PBXBuildFile; fileRef = 23BE73532A13A7DA00CC4BB1 /* YapilacakModeli.swift */; };
		23BE73562A13A95D00CC4BB1 /* YapilacakListViev.swift in Sources */ = {isa = PBXBuildFile; fileRef = 23BE73552A13A95D00CC4BB1 /* YapilacakListViev.swift */; };
		23BE73582A13AB0700CC4BB1 /* YapilacakDetailView.swift in Sources */ = {isa = PBXBuildFile; fileRef = 23BE73572A13AB0700CC4BB1 /* YapilacakDetailView.swift */; };
/* End PBXBuildFile section */

/* Begin PBXFileReference section */
		233A63322A14E97E00B4A303 /* YapildiButonu.swift */ = {isa = PBXFileReference; lastKnownFileType = sourcecode.swift; path = YapildiButonu.swift; sourceTree = "<group>"; };
		23458BA62A0A528600680DBA /* UIFirstProject.app */ = {isa = PBXFileReference; explicitFileType = wrapper.application; includeInIndex = 0; path = UIFirstProject.app; sourceTree = BUILT_PRODUCTS_DIR; };
		23458BA92A0A528600680DBA /* UIFirstProjectApp.swift */ = {isa = PBXFileReference; lastKnownFileType = sourcecode.swift; path = UIFirstProjectApp.swift; sourceTree = "<group>"; };
		23458BAB2A0A528600680DBA /* ContentView.swift */ = {isa = PBXFileReference; lastKnownFileType = sourcecode.swift; path = ContentView.swift; sourceTree = "<group>"; };
		23458BAD2A0A528800680DBA /* Assets.xcassets */ = {isa = PBXFileReference; lastKnownFileType = folder.assetcatalog; path = Assets.xcassets; sourceTree = "<group>"; };
		23458BB02A0A528800680DBA /* Preview Assets.xcassets */ = {isa = PBXFileReference; lastKnownFileType = folder.assetcatalog; path = "Preview Assets.xcassets"; sourceTree = "<group>"; };
		23458BB72A0A5FD200680DBA /* OzelGorselViev.swift */ = {isa = PBXFileReference; lastKnownFileType = sourcecode.swift; path = OzelGorselViev.swift; sourceTree = "<group>"; };
		23458BB92A0A640700680DBA /* OzelTextViev.swift */ = {isa = PBXFileReference; lastKnownFileType = sourcecode.swift; path = OzelTextViev.swift; sourceTree = "<group>"; };
		23458BBB2A0A689D00680DBA /* UIButtonGorunum.swift */ = {isa = PBXFileReference; lastKnownFileType = sourcecode.swift; path = UIButtonGorunum.swift; sourceTree = "<group>"; };
		23458BBD2A0A68EB00680DBA /* UIButtonikinciGorunum.swift */ = {isa = PBXFileReference; lastKnownFileType = sourcecode.swift; path = UIButtonikinciGorunum.swift; sourceTree = "<group>"; };
		236AFEF92A0BACF0009009B4 /* BolumluViev.swift */ = {isa = PBXFileReference; lastKnownFileType = sourcecode.swift; path = BolumluViev.swift; sourceTree = "<group>"; };
		23BBF34E2A0B945600A0174A /* ListGorunumViev.swift */ = {isa = PBXFileReference; lastKnownFileType = sourcecode.swift; path = ListGorunumViev.swift; sourceTree = "<group>"; };
		23BBF3502A0BA65200A0174A /* Kullanici.swift */ = {isa = PBXFileReference; lastKnownFileType = sourcecode.swift; path = Kullanici.swift; sourceTree = "<group>"; };
		23BE73512A0E704800CC4BB1 /* ProfileDetailView.swift */ = {isa = PBXFileReference; lastKnownFileType = sourcecode.swift; path = ProfileDetailView.swift; sourceTree = "<group>"; };
		23BE73532A13A7DA00CC4BB1 /* YapilacakModeli.swift */ = {isa = PBXFileReference; lastKnownFileType = sourcecode.swift; path = YapilacakModeli.swift; sourceTree = "<group>"; };
		23BE73552A13A95D00CC4BB1 /* YapilacakListViev.swift */ = {isa = PBXFileReference; lastKnownFileType = sourcecode.swift; path = YapilacakListViev.swift; sourceTree = "<group>"; };
		23BE73572A13AB0700CC4BB1 /* YapilacakDetailView.swift */ = {isa = PBXFileReference; lastKnownFileType = sourcecode.swift; path = YapilacakDetailView.swift; sourceTree = "<group>"; };
/* End PBXFileReference section */

/* Begin PBXFrameworksBuildPhase section */
		23458BA32A0A528600680DBA /* Frameworks */ = {
			isa = PBXFrameworksBuildPhase;
			buildActionMask = 2147483647;
			files = (
			);
			runOnlyForDeploymentPostprocessing = 0;
		};
/* End PBXFrameworksBuildPhase section */

/* Begin PBXGroup section */
		23458B9D2A0A528600680DBA = {
			isa = PBXGroup;
			children = (
				23458BA82A0A528600680DBA /* UIFirstProject */,
				23458BA72A0A528600680DBA /* Products */,
			);
			sourceTree = "<group>";
		};
		23458BA72A0A528600680DBA /* Products */ = {
			isa = PBXGroup;
			children = (
				23458BA62A0A528600680DBA /* UIFirstProject.app */,
			);
			name = Products;
			sourceTree = "<group>";
		};
		23458BA82A0A528600680DBA /* UIFirstProject */ = {
			isa = PBXGroup;
			children = (
				23458BA92A0A528600680DBA /* UIFirstProjectApp.swift */,
				23458BAB2A0A528600680DBA /* ContentView.swift */,
				23458BB72A0A5FD200680DBA /* OzelGorselViev.swift */,
				23458BB92A0A640700680DBA /* OzelTextViev.swift */,
				23458BBB2A0A689D00680DBA /* UIButtonGorunum.swift */,
				23BE73512A0E704800CC4BB1 /* ProfileDetailView.swift */,
				23458BBD2A0A68EB00680DBA /* UIButtonikinciGorunum.swift */,
				23BBF34E2A0B945600A0174A /* ListGorunumViev.swift */,
				23458BAD2A0A528800680DBA /* Assets.xcassets */,
				23458BAF2A0A528800680DBA /* Preview Content */,
				23BBF3502A0BA65200A0174A /* Kullanici.swift */,
				236AFEF92A0BACF0009009B4 /* BolumluViev.swift */,
				23BE73532A13A7DA00CC4BB1 /* YapilacakModeli.swift */,
				23BE73552A13A95D00CC4BB1 /* YapilacakListViev.swift */,
				233A63322A14E97E00B4A303 /* YapildiButonu.swift */,
				23BE73572A13AB0700CC4BB1 /* YapilacakDetailView.swift */,
			);
			path = UIFirstProject;
			sourceTree = "<group>";
		};
		23458BAF2A0A528800680DBA /* Preview Content */ = {
			isa = PBXGroup;
			children = (
				23458BB02A0A528800680DBA /* Preview Assets.xcassets */,
			);
			path = "Preview Content";
			sourceTree = "<group>";
		};
/* End PBXGroup section */

/* Begin PBXNativeTarget section */
		23458BA52A0A528600680DBA /* UIFirstProject */ = {
			isa = PBXNativeTarget;
			buildConfigurationList = 23458BB42A0A528800680DBA /* Build configuration list for PBXNativeTarget "UIFirstProject" */;
			buildPhases = (
				23458BA22A0A528600680DBA /* Sources */,
				23458BA32A0A528600680DBA /* Frameworks */,
				23458BA42A0A528600680DBA /* Resources */,
			);
			buildRules = (
			);
			dependencies = (
			);
			name = UIFirstProject;
			productName = UIFirstProject;
			productReference = 23458BA62A0A528600680DBA /* UIFirstProject.app */;
			productType = "com.apple.product-type.application";
		};
/* End PBXNativeTarget section */

/* Begin PBXProject section */
		23458B9E2A0A528600680DBA /* Project object */ = {
			isa = PBXProject;
			attributes = {
				BuildIndependentTargetsInParallel = 1;
				LastSwiftUpdateCheck = 1330;
				LastUpgradeCheck = 1330;
				TargetAttributes = {
					23458BA52A0A528600680DBA = {
						CreatedOnToolsVersion = 13.3;
					};
				};
			};
			buildConfigurationList = 23458BA12A0A528600680DBA /* Build configuration list for PBXProject "UIFirstProject" */;
			compatibilityVersion = "Xcode 13.0";
			developmentRegion = en;
			hasScannedForEncodings = 0;
			knownRegions = (
				en,
				Base,
			);
			mainGroup = 23458B9D2A0A528600680DBA;
			productRefGroup = 23458BA72A0A528600680DBA /* Products */;
			projectDirPath = "";
			projectRoot = "";
			targets = (
				23458BA52A0A528600680DBA /* UIFirstProject */,
			);
		};
/* End PBXProject section */

/* Begin PBXResourcesBuildPhase section */
		23458BA42A0A528600680DBA /* Resources */ = {
			isa = PBXResourcesBuildPhase;
			buildActionMask = 2147483647;
			files = (
				23458BB12A0A528800680DBA /* Preview Assets.xcassets in Resources */,
				23458BAE2A0A528800680DBA /* Assets.xcassets in Resources */,
			);
			runOnlyForDeploymentPostprocessing = 0;
		};
/* End PBXResourcesBuildPhase section */

/* Begin PBXSourcesBuildPhase section */
		23458BA22A0A528600680DBA /* Sources */ = {
			isa = PBXSourcesBuildPhase;
			buildActionMask = 2147483647;
			files = (
				23BE73582A13AB0700CC4BB1 /* YapilacakDetailView.swift in Sources */,
				23458BBC2A0A689D00680DBA /* UIButtonGorunum.swift in Sources */,
				23458BB82A0A5FD200680DBA /* OzelGorselViev.swift in Sources */,
				23458BBE2A0A68EB00680DBA /* UIButtonikinciGorunum.swift in Sources */,
				23458BAC2A0A528600680DBA /* ContentView.swift in Sources */,
				23BBF34F2A0B945600A0174A /* ListGorunumViev.swift in Sources */,
				236AFEFA2A0BACF0009009B4 /* BolumluViev.swift in Sources */,
				23458BBA2A0A640700680DBA /* OzelTextViev.swift in Sources */,
				23BE73562A13A95D00CC4BB1 /* YapilacakListViev.swift in Sources */,
				233A63332A14E97E00B4A303 /* YapildiButonu.swift in Sources */,
				23BE73542A13A7DB00CC4BB1 /* YapilacakModeli.swift in Sources */,
				23BE73522A0E704800CC4BB1 /* ProfileDetailView.swift in Sources */,
				23BBF3512A0BA65200A0174A /* Kullanici.swift in Sources */,
				23458BAA2A0A528600680DBA /* UIFirstProjectApp.swift in Sources */,
			);
			runOnlyForDeploymentPostprocessing = 0;
		};
/* End PBXSourcesBuildPhase section */

/* Begin XCBuildConfiguration section */
		23458BB22A0A528800680DBA /* Debug */ = {
			isa = XCBuildConfiguration;
			buildSettings = {
				ALWAYS_SEARCH_USER_PATHS = NO;
				CLANG_ANALYZER_NONNULL = YES;
				CLANG_ANALYZER_NUMBER_OBJECT_CONVERSION = YES_AGGRESSIVE;
				CLANG_CXX_LANGUAGE_STANDARD = "gnu++17";
				CLANG_ENABLE_MODULES = YES;
				CLANG_ENABLE_OBJC_ARC = YES;
				CLANG_ENABLE_OBJC_WEAK = YES;
				CLANG_WARN_BLOCK_CAPTURE_AUTORELEASING = YES;
				CLANG_WARN_BOOL_CONVERSION = YES;
				CLANG_WARN_COMMA = YES;
				CLANG_WARN_CONSTANT_CONVERSION = YES;
				CLANG_WARN_DEPRECATED_OBJC_IMPLEMENTATIONS = YES;
				CLANG_WARN_DIRECT_OBJC_ISA_USAGE = YES_ERROR;
				CLANG_WARN_DOCUMENTATION_COMMENTS = YES;
				CLANG_WARN_EMPTY_BODY = YES;
				CLANG_WARN_ENUM_CONVERSION = YES;
				CLANG_WARN_INFINITE_RECURSION = YES;
				CLANG_WARN_INT_CONVERSION = YES;
				CLANG_WARN_NON_LITERAL_NULL_CONVERSION = YES;
				CLANG_WARN_OBJC_IMPLICIT_RETAIN_SELF = YES;
				CLANG_WARN_OBJC_LITERAL_CONVERSION = YES;
				CLANG_WARN_OBJC_ROOT_CLASS = YES_ERROR;
				CLANG_WARN_QUOTED_INCLUDE_IN_FRAMEWORK_HEADER = YES;
				CLANG_WARN_RANGE_LOOP_ANALYSIS = YES;
				CLANG_WARN_STRICT_PROTOTYPES = YES;
				CLANG_WARN_SUSPICIOUS_MOVE = YES;
				CLANG_WARN_UNGUARDED_AVAILABILITY = YES_AGGRESSIVE;
				CLANG_WARN_UNREACHABLE_CODE = YES;
				CLANG_WARN__DUPLICATE_METHOD_MATCH = YES;
				COPY_PHASE_STRIP = NO;
				DEBUG_INFORMATION_FORMAT = dwarf;
				ENABLE_STRICT_OBJC_MSGSEND = YES;
				ENABLE_TESTABILITY = YES;
				GCC_C_LANGUAGE_STANDARD = gnu11;
				GCC_DYNAMIC_NO_PIC = NO;
				GCC_NO_COMMON_BLOCKS = YES;
				GCC_OPTIMIZATION_LEVEL = 0;
				GCC_PREPROCESSOR_DEFINITIONS = (
					"DEBUG=1",
					"$(inherited)",
				);
				GCC_WARN_64_TO_32_BIT_CONVERSION = YES;
				GCC_WARN_ABOUT_RETURN_TYPE = YES_ERROR;
				GCC_WARN_UNDECLARED_SELECTOR = YES;
				GCC_WARN_UNINITIALIZED_AUTOS = YES_AGGRESSIVE;
				GCC_WARN_UNUSED_FUNCTION = YES;
				GCC_WARN_UNUSED_VARIABLE = YES;
				IPHONEOS_DEPLOYMENT_TARGET = 15.4;
				MTL_ENABLE_DEBUG_INFO = INCLUDE_SOURCE;
				MTL_FAST_MATH = YES;
				ONLY_ACTIVE_ARCH = YES;
				SDKROOT = iphoneos;
				SWIFT_ACTIVE_COMPILATION_CONDITIONS = DEBUG;
				SWIFT_OPTIMIZATION_LEVEL = "-Onone";
			};
			name = Debug;
		};
		23458BB32A0A528800680DBA /* Release */ = {
			isa = XCBuildConfiguration;
			buildSettings = {
				ALWAYS_SEARCH_USER_PATHS = NO;
				CLANG_ANALYZER_NONNULL = YES;
				CLANG_ANALYZER_NUMBER_OBJECT_CONVERSION = YES_AGGRESSIVE;
				CLANG_CXX_LANGUAGE_STANDARD = "gnu++17";
				CLANG_ENABLE_MODULES = YES;
				CLANG_ENABLE_OBJC_ARC = YES;
				CLANG_ENABLE_OBJC_WEAK = YES;
				CLANG_WARN_BLOCK_CAPTURE_AUTORELEASING = YES;
				CLANG_WARN_BOOL_CONVERSION = YES;
				CLANG_WARN_COMMA = YES;
				CLANG_WARN_CONSTANT_CONVERSION = YES;
				CLANG_WARN_DEPRECATED_OBJC_IMPLEMENTATIONS = YES;
				CLANG_WARN_DIRECT_OBJC_ISA_USAGE = YES_ERROR;
				CLANG_WARN_DOCUMENTATION_COMMENTS = YES;
				CLANG_WARN_EMPTY_BODY = YES;
				CLANG_WARN_ENUM_CONVERSION = YES;
				CLANG_WARN_INFINITE_RECURSION = YES;
				CLANG_WARN_INT_CONVERSION = YES;
				CLANG_WARN_NON_LITERAL_NULL_CONVERSION = YES;
				CLANG_WARN_OBJC_IMPLICIT_RETAIN_SELF = YES;
				CLANG_WARN_OBJC_LITERAL_CONVERSION = YES;
				CLANG_WARN_OBJC_ROOT_CLASS = YES_ERROR;
				CLANG_WARN_QUOTED_INCLUDE_IN_FRAMEWORK_HEADER = YES;
				CLANG_WARN_RANGE_LOOP_ANALYSIS = YES;
				CLANG_WARN_STRICT_PROTOTYPES = YES;
				CLANG_WARN_SUSPICIOUS_MOVE = YES;
				CLANG_WARN_UNGUARDED_AVAILABILITY = YES_AGGRESSIVE;
				CLANG_WARN_UNREACHABLE_CODE = YES;
				CLANG_WARN__DUPLICATE_METHOD_MATCH = YES;
				COPY_PHASE_STRIP = NO;
				DEBUG_INFORMATION_FORMAT = "dwarf-with-dsym";
				ENABLE_NS_ASSERTIONS = NO;
				ENABLE_STRICT_OBJC_MSGSEND = YES;
				GCC_C_LANGUAGE_STANDARD = gnu11;
				GCC_NO_COMMON_BLOCKS = YES;
				GCC_WARN_64_TO_32_BIT_CONVERSION = YES;
				GCC_WARN_ABOUT_RETURN_TYPE = YES_ERROR;
				GCC_WARN_UNDECLARED_SELECTOR = YES;
				GCC_WARN_UNINITIALIZED_AUTOS = YES_AGGRESSIVE;
				GCC_WARN_UNUSED_FUNCTION = YES;
				GCC_WARN_UNUSED_VARIABLE = YES;
				IPHONEOS_DEPLOYMENT_TARGET = 15.4;
				MTL_ENABLE_DEBUG_INFO = NO;
				MTL_FAST_MATH = YES;
				SDKROOT = iphoneos;
				SWIFT_COMPILATION_MODE = wholemodule;
				SWIFT_OPTIMIZATION_LEVEL = "-O";
				VALIDATE_PRODUCT = YES;
			};
			name = Release;
		};
		23458BB52A0A528800680DBA /* Debug */ = {
			isa = XCBuildConfiguration;
			buildSettings = {
				ASSETCATALOG_COMPILER_APPICON_NAME = AppIcon;
				ASSETCATALOG_COMPILER_GLOBAL_ACCENT_COLOR_NAME = AccentColor;
				CODE_SIGN_STYLE = Automatic;
				CURRENT_PROJECT_VERSION = 1;
				DEVELOPMENT_ASSET_PATHS = "\"UIFirstProject/Preview Content\"";
				DEVELOPMENT_TEAM = AU4U3J3D69;
				ENABLE_PREVIEWS = YES;
				GENERATE_INFOPLIST_FILE = YES;
				INFOPLIST_KEY_UIApplicationSceneManifest_Generation = YES;
				INFOPLIST_KEY_UIApplicationSupportsIndirectInputEvents = YES;
				INFOPLIST_KEY_UILaunchScreen_Generation = YES;
				INFOPLIST_KEY_UISupportedInterfaceOrientations_iPad = "UIInterfaceOrientationPortrait UIInterfaceOrientationPortraitUpsideDown UIInterfaceOrientationLandscapeLeft UIInterfaceOrientationLandscapeRight";
				INFOPLIST_KEY_UISupportedInterfaceOrientations_iPhone = "UIInterfaceOrientationPortrait UIInterfaceOrientationLandscapeLeft UIInterfaceOrientationLandscapeRight";
				LD_RUNPATH_SEARCH_PATHS = (
					"$(inherited)",
					"@executable_path/Frameworks",
				);
				MARKETING_VERSION = 1.0;
				PRODUCT_BUNDLE_IDENTIFIER = com.sirineksi.UIFirstProject;
				PRODUCT_NAME = "$(TARGET_NAME)";
				SWIFT_EMIT_LOC_STRINGS = YES;
				SWIFT_VERSION = 5.0;
				TARGETED_DEVICE_FAMILY = "1,2";
			};
			name = Debug;
		};
		23458BB62A0A528800680DBA /* Release */ = {
			isa = XCBuildConfiguration;
			buildSettings = {
				ASSETCATALOG_COMPILER_APPICON_NAME = AppIcon;
				ASSETCATALOG_COMPILER_GLOBAL_ACCENT_COLOR_NAME = AccentColor;
				CODE_SIGN_STYLE = Automatic;
				CURRENT_PROJECT_VERSION = 1;
				DEVELOPMENT_ASSET_PATHS = "\"UIFirstProject/Preview Content\"";
				DEVELOPMENT_TEAM = AU4U3J3D69;
				ENABLE_PREVIEWS = YES;
				GENERATE_INFOPLIST_FILE = YES;
				INFOPLIST_KEY_UIApplicationSceneManifest_Generation = YES;
				INFOPLIST_KEY_UIApplicationSupportsIndirectInputEvents = YES;
				INFOPLIST_KEY_UILaunchScreen_Generation = YES;
				INFOPLIST_KEY_UISupportedInterfaceOrientations_iPad = "UIInterfaceOrientationPortrait UIInterfaceOrientationPortraitUpsideDown UIInterfaceOrientationLandscapeLeft UIInterfaceOrientationLandscapeRight";
				INFOPLIST_KEY_UISupportedInterfaceOrientations_iPhone = "UIInterfaceOrientationPortrait UIInterfaceOrientationLandscapeLeft UIInterfaceOrientationLandscapeRight";
				LD_RUNPATH_SEARCH_PATHS = (
					"$(inherited)",
					"@executable_path/Frameworks",
				);
				MARKETING_VERSION = 1.0;
				PRODUCT_BUNDLE_IDENTIFIER = com.sirineksi.UIFirstProject;
				PRODUCT_NAME = "$(TARGET_NAME)";
				SWIFT_EMIT_LOC_STRINGS = YES;
				SWIFT_VERSION = 5.0;
				TARGETED_DEVICE_FAMILY = "1,2";
			};
			name = Release;
		};
/* End XCBuildConfiguration section */

/* Begin XCConfigurationList section */
		23458BA12A0A528600680DBA /* Build configuration list for PBXProject "UIFirstProject" */ = {
			isa = XCConfigurationList;
			buildConfigurations = (
				23458BB22A0A528800680DBA /* Debug */,
				23458BB32A0A528800680DBA /* Release */,
			);
			defaultConfigurationIsVisible = 0;
			defaultConfigurationName = Release;
		};
		23458BB42A0A528800680DBA /* Build configuration list for PBXNativeTarget "UIFirstProject" */ = {
			isa = XCConfigurationList;
			buildConfigurations = (
				23458BB52A0A528800680DBA /* Debug */,
				23458BB62A0A528800680DBA /* Release */,
			);
			defaultConfigurationIsVisible = 0;
			defaultConfigurationName = Release;
		};
/* End XCConfigurationList section */
	};
	rootObject = 23458B9E2A0A528600680DBA /* Project object */;
}
